// !$*UTF8*$!
{
	archiveVersion = 1;
	classes = {
	};
	objectVersion = 46;
	objects = {

/* Begin PBXBuildFile section */
		64BC7D2B1BF3BDDE00D65109 /* main.cpp in Sources */ = {isa = PBXBuildFile; fileRef = 64BC7D2A1BF3BDDE00D65109 /* main.cpp */; };
		64BCCD8B1BFD37550087623E /* C_Cuenta_Struct.cpp in Sources */ = {isa = PBXBuildFile; fileRef = 64BCCD891BFD37550087623E /* C_Cuenta_Struct.cpp */; };
		64BCCD8E1BFD3CE70087623E /* C_Cuenta_Class.cpp in Sources */ = {isa = PBXBuildFile; fileRef = 64BCCD8C1BFD3CE70087623E /* C_Cuenta_Class.cpp */; };
/* End PBXBuildFile section */

/* Begin PBXContainerItemProxy section */
		64BCCDC01BFE4EF50087623E /* PBXContainerItemProxy */ = {
			isa = PBXContainerItemProxy;
			containerPortal = 64BCCDBC1BFE4EF40087623E /* 00 - Intro.xcodeproj */;
			proxyType = 2;
			remoteGlobalIDString = 64BCCDB21BFE4EF40087623E;
			remoteInfo = "00 - Intro";
		};
		64BCCDD91BFE4F7F0087623E /* PBXContainerItemProxy */ = {
			isa = PBXContainerItemProxy;
			containerPortal = 64BCCDD51BFE4F7E0087623E /* 01 - Conditionals.xcodeproj */;
			proxyType = 2;
			remoteGlobalIDString = 64BCCDCB1BFE4F7E0087623E;
			remoteInfo = "01 - Conditionals";
		};
		64BCCDF51BFE51B90087623E /* PBXContainerItemProxy */ = {
			isa = PBXContainerItemProxy;
			containerPortal = 64BCCDF11BFE51B90087623E /* 02 - Loops.xcodeproj */;
			proxyType = 2;
			remoteGlobalIDString = 64BCCDE61BFE51970087623E;
			remoteInfo = "02 - Loops";
		};
		64BCCE0F1BFE55EC0087623E /* PBXContainerItemProxy */ = {
			isa = PBXContainerItemProxy;
			containerPortal = 64BCCE0B1BFE55EC0087623E /* Switch.xcodeproj */;
			proxyType = 2;
			remoteGlobalIDString = 64BCCE011BFE55EC0087623E;
			remoteInfo = Switch;
		};
		64BCCE291BFE58A60087623E /* PBXContainerItemProxy */ = {
			isa = PBXContainerItemProxy;
			containerPortal = 64BCCE251BFE58A50087623E /* 04 - Pointers.xcodeproj */;
			proxyType = 2;
			remoteGlobalIDString = 64BCCE1B1BFE58A50087623E;
			remoteInfo = "04 - Pointers";
		};
		64BCCE421BFE5CCB0087623E /* PBXContainerItemProxy */ = {
			isa = PBXContainerItemProxy;
			containerPortal = 64BCCE3E1BFE5CCB0087623E /* 05 - Structures.xcodeproj */;
			proxyType = 2;
			remoteGlobalIDString = 64BCCE341BFE5CCB0087623E;
			remoteInfo = "05 - Structures";
		};
		64BCCE751BFE76210087623E /* PBXContainerItemProxy */ = {
			isa = PBXContainerItemProxy;
			containerPortal = 64BCCE711BFE76210087623E /* 06 - Arrays.xcodeproj */;
			proxyType = 2;
			remoteGlobalIDString = 64BCCE671BFE76210087623E;
			remoteInfo = "06 - Arrays";
		};
		64BCCE8F1BFE7EB20087623E /* PBXContainerItemProxy */ = {
			isa = PBXContainerItemProxy;
			containerPortal = 64BCCE8B1BFE7EB10087623E /* 000 - Storages.xcodeproj */;
			proxyType = 2;
			remoteGlobalIDString = 64BCCE811BFE7EB10087623E;
			remoteInfo = "000 - Storages";
		};
		64BCCEAC1BFE87F90087623E /* PBXContainerItemProxy */ = {
			isa = PBXContainerItemProxy;
			containerPortal = 64BCCEA81BFE87F80087623E /* PointervsArrays.xcodeproj */;
			proxyType = 2;
			remoteGlobalIDString = 64BCCE9E1BFE87F80087623E;
			remoteInfo = PointervsArrays;
		};
		64BCCEEC1BFE8C800087623E /* PBXContainerItemProxy */ = {
			isa = PBXContainerItemProxy;
			containerPortal = 64BCCEE81BFE8C7F0087623E /* ArrayOfPointers.xcodeproj */;
			proxyType = 2;
			remoteGlobalIDString = 64BCCEDE1BFE8C7F0087623E;
			remoteInfo = ArrayOfPointers;
		};
		64BCCF061BFE8F0C0087623E /* PBXContainerItemProxy */ = {
			isa = PBXContainerItemProxy;
			containerPortal = 64BCCF021BFE8F0C0087623E /* Pointer to Pointer.xcodeproj */;
			proxyType = 2;
			remoteGlobalIDString = 64BCCEF81BFE8F0C0087623E;
			remoteInfo = "Pointer to Pointer";
		};
/* End PBXContainerItemProxy section */

/* Begin PBXCopyFilesBuildPhase section */
		64BC7D251BF3BDDE00D65109 /* CopyFiles */ = {
			isa = PBXCopyFilesBuildPhase;
			buildActionMask = 2147483647;
			dstPath = /usr/share/man/man1/;
			dstSubfolderSpec = 0;
			files = (
			);
			runOnlyForDeploymentPostprocessing = 1;
		};
/* End PBXCopyFilesBuildPhase section */

/* Begin PBXFileReference section */
		64BC7D271BF3BDDE00D65109 /* Cpp */ = {isa = PBXFileReference; includeInIndex = 0; lastKnownFileType = "compiled.mach-o.executable"; path = Cpp; sourceTree = BUILT_PRODUCTS_DIR; };
		64BC7D2A1BF3BDDE00D65109 /* main.cpp */ = {isa = PBXFileReference; lastKnownFileType = sourcecode.cpp.cpp; name = main.cpp; path = "../../../../Users/vicboma/Documents/Advanced-c-cpp-Programming-Tutorial/Cpp/main.cpp"; sourceTree = DEVELOPER_DIR; };
		64BCCD891BFD37550087623E /* C_Cuenta_Struct.cpp */ = {isa = PBXFileReference; fileEncoding = 4; lastKnownFileType = sourcecode.cpp.cpp; path = C_Cuenta_Struct.cpp; sourceTree = "<group>"; };
		64BCCD8A1BFD37550087623E /* C_Cuenta_Struct.hpp */ = {isa = PBXFileReference; fileEncoding = 4; lastKnownFileType = sourcecode.cpp.h; path = C_Cuenta_Struct.hpp; sourceTree = "<group>"; };
		64BCCD8C1BFD3CE70087623E /* C_Cuenta_Class.cpp */ = {isa = PBXFileReference; fileEncoding = 4; lastKnownFileType = sourcecode.cpp.cpp; path = C_Cuenta_Class.cpp; sourceTree = "<group>"; };
		64BCCD8D1BFD3CE70087623E /* C_Cuenta_Class.hpp */ = {isa = PBXFileReference; fileEncoding = 4; lastKnownFileType = sourcecode.cpp.h; path = C_Cuenta_Class.hpp; sourceTree = "<group>"; };
		64BCCDBC1BFE4EF40087623E /* 00 - Intro.xcodeproj */ = {isa = PBXFileReference; lastKnownFileType = "wrapper.pb-project"; name = "00 - Intro.xcodeproj"; path = "00 - Intro/00 - Intro.xcodeproj"; sourceTree = "<group>"; };
		64BCCDD51BFE4F7E0087623E /* 01 - Conditionals.xcodeproj */ = {isa = PBXFileReference; lastKnownFileType = "wrapper.pb-project"; name = "01 - Conditionals.xcodeproj"; path = "01 - Conditionals/01 - Conditionals.xcodeproj"; sourceTree = "<group>"; };
		64BCCDF11BFE51B90087623E /* 02 - Loops.xcodeproj */ = {isa = PBXFileReference; lastKnownFileType = "wrapper.pb-project"; name = "02 - Loops.xcodeproj"; path = "02 - Loops/02 - Loops/02 - Loops.xcodeproj"; sourceTree = "<group>"; };
		64BCCE0B1BFE55EC0087623E /* Switch.xcodeproj */ = {isa = PBXFileReference; lastKnownFileType = "wrapper.pb-project"; name = Switch.xcodeproj; path = "03 - Switch/Switch/Switch.xcodeproj"; sourceTree = "<group>"; };
		64BCCE251BFE58A50087623E /* 04 - Pointers.xcodeproj */ = {isa = PBXFileReference; lastKnownFileType = "wrapper.pb-project"; name = "04 - Pointers.xcodeproj"; path = "04 - Pointers/04 - Pointers/04 - Pointers.xcodeproj"; sourceTree = "<group>"; };
		64BCCE3E1BFE5CCB0087623E /* 05 - Structures.xcodeproj */ = {isa = PBXFileReference; lastKnownFileType = "wrapper.pb-project"; name = "05 - Structures.xcodeproj"; path = "05 - Structures/05 - Structures/05 - Structures.xcodeproj"; sourceTree = "<group>"; };
		64BCCE711BFE76210087623E /* 06 - Arrays.xcodeproj */ = {isa = PBXFileReference; lastKnownFileType = "wrapper.pb-project"; name = "06 - Arrays.xcodeproj"; path = "06 - Arrays/06 - Arrays/06 - Arrays.xcodeproj"; sourceTree = "<group>"; };
		64BCCE8B1BFE7EB10087623E /* 000 - Storages.xcodeproj */ = {isa = PBXFileReference; lastKnownFileType = "wrapper.pb-project"; name = "000 - Storages.xcodeproj"; path = "000 - Storages/000 - Storages/000 - Storages.xcodeproj"; sourceTree = "<group>"; };
		64BCCEA81BFE87F80087623E /* PointervsArrays.xcodeproj */ = {isa = PBXFileReference; lastKnownFileType = "wrapper.pb-project"; name = PointervsArrays.xcodeproj; path = "08 - PointersVsArrays/PointervsArrays/PointervsArrays.xcodeproj"; sourceTree = "<group>"; };
		64BCCEE81BFE8C7F0087623E /* ArrayOfPointers.xcodeproj */ = {isa = PBXFileReference; lastKnownFileType = "wrapper.pb-project"; name = ArrayOfPointers.xcodeproj; path = ArrayOfPointers/ArrayOfPointers.xcodeproj; sourceTree = "<group>"; };
		64BCCF021BFE8F0C0087623E /* Pointer to Pointer.xcodeproj */ = {isa = PBXFileReference; lastKnownFileType = "wrapper.pb-project"; name = "Pointer to Pointer.xcodeproj"; path = "Pointer to Pointer/Pointer to Pointer.xcodeproj"; sourceTree = "<group>"; };
/* End PBXFileReference section */

/* Begin PBXFrameworksBuildPhase section */
		64BC7D241BF3BDDE00D65109 /* Frameworks */ = {
			isa = PBXFrameworksBuildPhase;
			buildActionMask = 2147483647;
			files = (
			);
			runOnlyForDeploymentPostprocessing = 0;
		};
/* End PBXFrameworksBuildPhase section */

/* Begin PBXGroup section */
		64BC7D1E1BF3BDDE00D65109 = {
			isa = PBXGroup;
			children = (
				64BC7D291BF3BDDE00D65109 /* Cpp */,
				64BC7D281BF3BDDE00D65109 /* Products */,
			);
			sourceTree = "<group>";
		};
		64BC7D281BF3BDDE00D65109 /* Products */ = {
			isa = PBXGroup;
			children = (
				64BC7D271BF3BDDE00D65109 /* Cpp */,
			);
			name = Products;
			sourceTree = "<group>";
		};
		64BC7D291BF3BDDE00D65109 /* Cpp */ = {
			isa = PBXGroup;
			children = (
				64BCCDA71BFE4E650087623E /* 00 - Intro */,
				64BCCD901BFE41D40087623E /* 01 - Conditionals */,
				64BCCD921BFE42390087623E /* 02 - Loops */,
				64BCCDF71BFE55A80087623E /* 03 - Switch */,
				64BCCE111BFE587B0087623E /* 04 - Pointers */,
				64BCCD931BFE42920087623E /* 05 - Structures */,
				64BCCE771BFE7E810087623E /* 06 - Storages */,
				64BCCE441BFE75AA0087623E /* 07 - Array */,
				64BCCE941BFE87A00087623E /* 08 - Pointers vs Arrays */,
				64BCCEB71BFE8C1F0087623E /* 09 - Array of Points */,
				64BCCEEE1BFE8EED0087623E /* 10 - Pointer to Pointer */,
				64BCCD951BFE42AB0087623E /* 00 - Class */,
				64BCCD961BFE42BB0087623E /* 00 - Clean Code Definitions */,
				64BC7D2A1BF3BDDE00D65109 /* main.cpp */,
				64BCCD891BFD37550087623E /* C_Cuenta_Struct.cpp */,
				64BCCD8A1BFD37550087623E /* C_Cuenta_Struct.hpp */,
				64BCCD8C1BFD3CE70087623E /* C_Cuenta_Class.cpp */,
				64BCCD8D1BFD3CE70087623E /* C_Cuenta_Class.hpp */,
			);
			path = Cpp;
			sourceTree = "<group>";
		};
		64BCCD901BFE41D40087623E /* 01 - Conditionals */ = {
			isa = PBXGroup;
			children = (
				64BCCDD51BFE4F7E0087623E /* 01 - Conditionals.xcodeproj */,
			);
			name = "01 - Conditionals";
			sourceTree = "<group>";
		};
		64BCCD921BFE42390087623E /* 02 - Loops */ = {
			isa = PBXGroup;
			children = (
				64BCCDF11BFE51B90087623E /* 02 - Loops.xcodeproj */,
			);
			name = "02 - Loops";
			sourceTree = "<group>";
		};
		64BCCD931BFE42920087623E /* 05 - Structures */ = {
			isa = PBXGroup;
			children = (
				64BCCE3E1BFE5CCB0087623E /* 05 - Structures.xcodeproj */,
			);
			name = "05 - Structures";
			sourceTree = "<group>";
		};
		64BCCD951BFE42AB0087623E /* 00 - Class */ = {
			isa = PBXGroup;
			children = (
			);
			name = "00 - Class";
			sourceTree = "<group>";
		};
		64BCCD961BFE42BB0087623E /* 00 - Clean Code Definitions */ = {
			isa = PBXGroup;
			children = (
			);
			name = "00 - Clean Code Definitions";
			sourceTree = "<group>";
		};
		64BCCDA71BFE4E650087623E /* 00 - Intro */ = {
			isa = PBXGroup;
			children = (
				64BCCDBC1BFE4EF40087623E /* 00 - Intro.xcodeproj */,
			);
			name = "00 - Intro";
			sourceTree = "<group>";
		};
		64BCCDBD1BFE4EF40087623E /* Products */ = {
			isa = PBXGroup;
			children = (
				64BCCDC11BFE4EF50087623E /* 00 - Intro */,
			);
			name = Products;
			sourceTree = "<group>";
		};
		64BCCDD61BFE4F7E0087623E /* Products */ = {
			isa = PBXGroup;
			children = (
				64BCCDDA1BFE4F7F0087623E /* 01 - Conditionals */,
			);
			name = Products;
			sourceTree = "<group>";
		};
		64BCCDF21BFE51B90087623E /* Products */ = {
			isa = PBXGroup;
			children = (
				64BCCDF61BFE51B90087623E /* 02 - Loops */,
			);
			name = Products;
			sourceTree = "<group>";
		};
		64BCCDF71BFE55A80087623E /* 03 - Switch */ = {
			isa = PBXGroup;
			children = (
				64BCCE0B1BFE55EC0087623E /* Switch.xcodeproj */,
			);
			name = "03 - Switch";
			sourceTree = "<group>";
		};
		64BCCE0C1BFE55EC0087623E /* Products */ = {
			isa = PBXGroup;
			children = (
				64BCCE101BFE55EC0087623E /* Switch */,
			);
			name = Products;
			sourceTree = "<group>";
		};
		64BCCE111BFE587B0087623E /* 04 - Pointers */ = {
			isa = PBXGroup;
			children = (
				64BCCE251BFE58A50087623E /* 04 - Pointers.xcodeproj */,
			);
			name = "04 - Pointers";
			sourceTree = "<group>";
		};
		64BCCE261BFE58A50087623E /* Products */ = {
			isa = PBXGroup;
			children = (
				64BCCE2A1BFE58A60087623E /* 04 - Pointers */,
			);
			name = Products;
			sourceTree = "<group>";
		};
		64BCCE3F1BFE5CCB0087623E /* Products */ = {
			isa = PBXGroup;
			children = (
				64BCCE431BFE5CCB0087623E /* 05 - Structures */,
			);
			name = Products;
			sourceTree = "<group>";
		};
		64BCCE441BFE75AA0087623E /* 07 - Array */ = {
			isa = PBXGroup;
			children = (
				64BCCE711BFE76210087623E /* 06 - Arrays.xcodeproj */,
			);
			name = "07 - Array";
			sourceTree = "<group>";
		};
		64BCCE721BFE76210087623E /* Products */ = {
			isa = PBXGroup;
			children = (
				64BCCE761BFE76210087623E /* 06 - Arrays */,
			);
			name = Products;
			sourceTree = "<group>";
		};
		64BCCE771BFE7E810087623E /* 06 - Storages */ = {
			isa = PBXGroup;
			children = (
				64BCCE8B1BFE7EB10087623E /* 000 - Storages.xcodeproj */,
			);
			name = "06 - Storages";
			sourceTree = "<group>";
		};
		64BCCE8C1BFE7EB10087623E /* Products */ = {
			isa = PBXGroup;
			children = (
				64BCCE901BFE7EB20087623E /* 000 - Storages */,
			);
			name = Products;
			sourceTree = "<group>";
		};
		64BCCE941BFE87A00087623E /* 08 - Pointers vs Arrays */ = {
			isa = PBXGroup;
			children = (
				64BCCEA81BFE87F80087623E /* PointervsArrays.xcodeproj */,
			);
			name = "08 - Pointers vs Arrays";
			sourceTree = "<group>";
		};
		64BCCEA91BFE87F80087623E /* Products */ = {
			isa = PBXGroup;
			children = (
				64BCCEAD1BFE87F90087623E /* PointervsArrays */,
			);
			name = Products;
			sourceTree = "<group>";
		};
		64BCCEB71BFE8C1F0087623E /* 09 - Array of Points */ = {
			isa = PBXGroup;
			children = (
				64BCCEE81BFE8C7F0087623E /* ArrayOfPointers.xcodeproj */,
			);
			name = "09 - Array of Points";
			sourceTree = "<group>";
		};
		64BCCEE91BFE8C7F0087623E /* Products */ = {
			isa = PBXGroup;
			children = (
				64BCCEED1BFE8C800087623E /* ArrayOfPointers */,
			);
			name = Products;
			sourceTree = "<group>";
		};
		64BCCEEE1BFE8EED0087623E /* 10 - Pointer to Pointer */ = {
			isa = PBXGroup;
			children = (
				64BCCF021BFE8F0C0087623E /* Pointer to Pointer.xcodeproj */,
			);
			name = "10 - Pointer to Pointer";
			sourceTree = "<group>";
		};
		64BCCF031BFE8F0C0087623E /* Products */ = {
			isa = PBXGroup;
			children = (
				64BCCF071BFE8F0C0087623E /* Pointer to Pointer */,
			);
			name = Products;
			sourceTree = "<group>";
		};
/* End PBXGroup section */

/* Begin PBXNativeTarget section */
		64BC7D261BF3BDDE00D65109 /* Cpp */ = {
			isa = PBXNativeTarget;
			buildConfigurationList = 64BC7D2E1BF3BDDE00D65109 /* Build configuration list for PBXNativeTarget "Cpp" */;
			buildPhases = (
				64BC7D231BF3BDDE00D65109 /* Sources */,
				64BC7D241BF3BDDE00D65109 /* Frameworks */,
				64BC7D251BF3BDDE00D65109 /* CopyFiles */,
			);
			buildRules = (
			);
			dependencies = (
			);
			name = Cpp;
			productName = Cpp;
			productReference = 64BC7D271BF3BDDE00D65109 /* Cpp */;
			productType = "com.apple.product-type.tool";
		};
/* End PBXNativeTarget section */

/* Begin PBXProject section */
		64BC7D1F1BF3BDDE00D65109 /* Project object */ = {
			isa = PBXProject;
			attributes = {
				LastUpgradeCheck = 0720;
				ORGANIZATIONNAME = "Victor Bolinches Marin";
				TargetAttributes = {
					64BC7D261BF3BDDE00D65109 = {
						CreatedOnToolsVersion = 7.2;
					};
				};
			};
			buildConfigurationList = 64BC7D221BF3BDDE00D65109 /* Build configuration list for PBXProject "Cpp" */;
			compatibilityVersion = "Xcode 3.2";
			developmentRegion = English;
			hasScannedForEncodings = 0;
			knownRegions = (
				en,
			);
			mainGroup = 64BC7D1E1BF3BDDE00D65109;
			productRefGroup = 64BC7D281BF3BDDE00D65109 /* Products */;
			projectDirPath = "";
			projectReferences = (
				{
					ProductGroup = 64BCCDBD1BFE4EF40087623E /* Products */;
					ProjectRef = 64BCCDBC1BFE4EF40087623E /* 00 - Intro.xcodeproj */;
				},
				{
					ProductGroup = 64BCCE8C1BFE7EB10087623E /* Products */;
					ProjectRef = 64BCCE8B1BFE7EB10087623E /* 000 - Storages.xcodeproj */;
				},
				{
					ProductGroup = 64BCCDD61BFE4F7E0087623E /* Products */;
					ProjectRef = 64BCCDD51BFE4F7E0087623E /* 01 - Conditionals.xcodeproj */;
				},
				{
					ProductGroup = 64BCCDF21BFE51B90087623E /* Products */;
					ProjectRef = 64BCCDF11BFE51B90087623E /* 02 - Loops.xcodeproj */;
				},
				{
					ProductGroup = 64BCCE261BFE58A50087623E /* Products */;
					ProjectRef = 64BCCE251BFE58A50087623E /* 04 - Pointers.xcodeproj */;
				},
				{
					ProductGroup = 64BCCE3F1BFE5CCB0087623E /* Products */;
					ProjectRef = 64BCCE3E1BFE5CCB0087623E /* 05 - Structures.xcodeproj */;
				},
				{
					ProductGroup = 64BCCE721BFE76210087623E /* Products */;
					ProjectRef = 64BCCE711BFE76210087623E /* 06 - Arrays.xcodeproj */;
				},
				{
					ProductGroup = 64BCCEE91BFE8C7F0087623E /* Products */;
					ProjectRef = 64BCCEE81BFE8C7F0087623E /* ArrayOfPointers.xcodeproj */;
				},
				{
					ProductGroup = 64BCCF031BFE8F0C0087623E /* Products */;
					ProjectRef = 64BCCF021BFE8F0C0087623E /* Pointer to Pointer.xcodeproj */;
				},
				{
					ProductGroup = 64BCCEA91BFE87F80087623E /* Products */;
					ProjectRef = 64BCCEA81BFE87F80087623E /* PointervsArrays.xcodeproj */;
				},
				{
					ProductGroup = 64BCCE0C1BFE55EC0087623E /* Products */;
					ProjectRef = 64BCCE0B1BFE55EC0087623E /* Switch.xcodeproj */;
				},
			);
			projectRoot = "";
			targets = (
				64BC7D261BF3BDDE00D65109 /* Cpp */,
			);
		};
/* End PBXProject section */

/* Begin PBXReferenceProxy section */
		64BCCDC11BFE4EF50087623E /* 00 - Intro */ = {
			isa = PBXReferenceProxy;
			fileType = "compiled.mach-o.executable";
			path = "00 - Intro";
			remoteRef = 64BCCDC01BFE4EF50087623E /* PBXContainerItemProxy */;
			sourceTree = BUILT_PRODUCTS_DIR;
		};
		64BCCDDA1BFE4F7F0087623E /* 01 - Conditionals */ = {
			isa = PBXReferenceProxy;
			fileType = "compiled.mach-o.executable";
			path = "01 - Conditionals";
			remoteRef = 64BCCDD91BFE4F7F0087623E /* PBXContainerItemProxy */;
			sourceTree = BUILT_PRODUCTS_DIR;
		};
		64BCCDF61BFE51B90087623E /* 02 - Loops */ = {
			isa = PBXReferenceProxy;
			fileType = "compiled.mach-o.executable";
			path = "02 - Loops";
			remoteRef = 64BCCDF51BFE51B90087623E /* PBXContainerItemProxy */;
			sourceTree = BUILT_PRODUCTS_DIR;
		};
		64BCCE101BFE55EC0087623E /* Switch */ = {
			isa = PBXReferenceProxy;
			fileType = "compiled.mach-o.executable";
			path = Switch;
			remoteRef = 64BCCE0F1BFE55EC0087623E /* PBXContainerItemProxy */;
			sourceTree = BUILT_PRODUCTS_DIR;
		};
		64BCCE2A1BFE58A60087623E /* 04 - Pointers */ = {
			isa = PBXReferenceProxy;
			fileType = "compiled.mach-o.executable";
			path = "04 - Pointers";
			remoteRef = 64BCCE291BFE58A60087623E /* PBXContainerItemProxy */;
			sourceTree = BUILT_PRODUCTS_DIR;
		};
		64BCCE431BFE5CCB0087623E /* 05 - Structures */ = {
			isa = PBXReferenceProxy;
			fileType = "compiled.mach-o.executable";
			path = "05 - Structures";
			remoteRef = 64BCCE421BFE5CCB0087623E /* PBXContainerItemProxy */;
			sourceTree = BUILT_PRODUCTS_DIR;
		};
		64BCCE761BFE76210087623E /* 06 - Arrays */ = {
			isa = PBXReferenceProxy;
			fileType = "compiled.mach-o.executable";
			path = "06 - Arrays";
			remoteRef = 64BCCE751BFE76210087623E /* PBXContainerItemProxy */;
			sourceTree = BUILT_PRODUCTS_DIR;
		};
		64BCCE901BFE7EB20087623E /* 000 - Storages */ = {
			isa = PBXReferenceProxy;
			fileType = "compiled.mach-o.executable";
			path = "000 - Storages";
			remoteRef = 64BCCE8F1BFE7EB20087623E /* PBXContainerItemProxy */;
			sourceTree = BUILT_PRODUCTS_DIR;
		};
		64BCCEAD1BFE87F90087623E /* PointervsArrays */ = {
			isa = PBXReferenceProxy;
			fileType = "compiled.mach-o.executable";
			path = PointervsArrays;
			remoteRef = 64BCCEAC1BFE87F90087623E /* PBXContainerItemProxy */;
			sourceTree = BUILT_PRODUCTS_DIR;
		};
		64BCCEED1BFE8C800087623E /* ArrayOfPointers */ = {
			isa = PBXReferenceProxy;
			fileType = "compiled.mach-o.executable";
			path = ArrayOfPointers;
			remoteRef = 64BCCEEC1BFE8C800087623E /* PBXContainerItemProxy */;
			sourceTree = BUILT_PRODUCTS_DIR;
		};
		64BCCF071BFE8F0C0087623E /* Pointer to Pointer */ = {
			isa = PBXReferenceProxy;
			fileType = "compiled.mach-o.executable";
			path = "Pointer to Pointer";
			remoteRef = 64BCCF061BFE8F0C0087623E /* PBXContainerItemProxy */;
			sourceTree = BUILT_PRODUCTS_DIR;
		};
/* End PBXReferenceProxy section */

/* Begin PBXSourcesBuildPhase section */
		64BC7D231BF3BDDE00D65109 /* Sources */ = {
			isa = PBXSourcesBuildPhase;
			buildActionMask = 2147483647;
			files = (
				64BC7D2B1BF3BDDE00D65109 /* main.cpp in Sources */,
				64BCCD8B1BFD37550087623E /* C_Cuenta_Struct.cpp in Sources */,
				64BCCD8E1BFD3CE70087623E /* C_Cuenta_Class.cpp in Sources */,
			);
			runOnlyForDeploymentPostprocessing = 0;
		};
/* End PBXSourcesBuildPhase section */

/* Begin XCBuildConfiguration section */
		64BC7D2C1BF3BDDE00D65109 /* Debug */ = {
			isa = XCBuildConfiguration;
			buildSettings = {
				ALWAYS_SEARCH_USER_PATHS = NO;
				CLANG_CXX_LANGUAGE_STANDARD = "gnu++0x";
				CLANG_CXX_LIBRARY = "libc++";
				CLANG_ENABLE_MODULES = YES;
				CLANG_ENABLE_OBJC_ARC = YES;
				CLANG_WARN_BOOL_CONVERSION = YES;
				CLANG_WARN_CONSTANT_CONVERSION = YES;
				CLANG_WARN_DIRECT_OBJC_ISA_USAGE = YES_ERROR;
				CLANG_WARN_EMPTY_BODY = YES;
				CLANG_WARN_ENUM_CONVERSION = YES;
				CLANG_WARN_INT_CONVERSION = YES;
				CLANG_WARN_OBJC_ROOT_CLASS = YES_ERROR;
				CLANG_WARN_UNREACHABLE_CODE = YES;
				CLANG_WARN__DUPLICATE_METHOD_MATCH = YES;
				CODE_SIGN_IDENTITY = "-";
				COPY_PHASE_STRIP = NO;
				DEBUG_INFORMATION_FORMAT = dwarf;
				ENABLE_STRICT_OBJC_MSGSEND = YES;
				ENABLE_TESTABILITY = YES;
				GCC_C_LANGUAGE_STANDARD = gnu99;
				GCC_DYNAMIC_NO_PIC = NO;
				GCC_NO_COMMON_BLOCKS = YES;
				GCC_OPTIMIZATION_LEVEL = 0;
				GCC_PREPROCESSOR_DEFINITIONS = (
					"DEBUG=1",
					"$(inherited)",
				);
				GCC_WARN_64_TO_32_BIT_CONVERSION = YES;
				GCC_WARN_ABOUT_RETURN_TYPE = YES_ERROR;
				GCC_WARN_UNDECLARED_SELECTOR = YES;
				GCC_WARN_UNINITIALIZED_AUTOS = YES_AGGRESSIVE;
				GCC_WARN_UNUSED_FUNCTION = YES;
				GCC_WARN_UNUSED_VARIABLE = YES;
				MACOSX_DEPLOYMENT_TARGET = 10.11;
				MTL_ENABLE_DEBUG_INFO = YES;
				ONLY_ACTIVE_ARCH = YES;
				SDKROOT = macosx;
			};
			name = Debug;
		};
		64BC7D2D1BF3BDDE00D65109 /* Release */ = {
			isa = XCBuildConfiguration;
			buildSettings = {
				ALWAYS_SEARCH_USER_PATHS = NO;
				CLANG_CXX_LANGUAGE_STANDARD = "gnu++0x";
				CLANG_CXX_LIBRARY = "libc++";
				CLANG_ENABLE_MODULES = YES;
				CLANG_ENABLE_OBJC_ARC = YES;
				CLANG_WARN_BOOL_CONVERSION = YES;
				CLANG_WARN_CONSTANT_CONVERSION = YES;
				CLANG_WARN_DIRECT_OBJC_ISA_USAGE = YES_ERROR;
				CLANG_WARN_EMPTY_BODY = YES;
				CLANG_WARN_ENUM_CONVERSION = YES;
				CLANG_WARN_INT_CONVERSION = YES;
				CLANG_WARN_OBJC_ROOT_CLASS = YES_ERROR;
				CLANG_WARN_UNREACHABLE_CODE = YES;
				CLANG_WARN__DUPLICATE_METHOD_MATCH = YES;
				CODE_SIGN_IDENTITY = "-";
				COPY_PHASE_STRIP = NO;
				DEBUG_INFORMATION_FORMAT = "dwarf-with-dsym";
				ENABLE_NS_ASSERTIONS = NO;
				ENABLE_STRICT_OBJC_MSGSEND = YES;
				GCC_C_LANGUAGE_STANDARD = gnu99;
				GCC_NO_COMMON_BLOCKS = YES;
				GCC_WARN_64_TO_32_BIT_CONVERSION = YES;
				GCC_WARN_ABOUT_RETURN_TYPE = YES_ERROR;
				GCC_WARN_UNDECLARED_SELECTOR = YES;
				GCC_WARN_UNINITIALIZED_AUTOS = YES_AGGRESSIVE;
				GCC_WARN_UNUSED_FUNCTION = YES;
				GCC_WARN_UNUSED_VARIABLE = YES;
				MACOSX_DEPLOYMENT_TARGET = 10.11;
				MTL_ENABLE_DEBUG_INFO = NO;
				SDKROOT = macosx;
			};
			name = Release;
		};
		64BC7D2F1BF3BDDE00D65109 /* Debug */ = {
			isa = XCBuildConfiguration;
			buildSettings = {
				PRODUCT_NAME = "$(TARGET_NAME)";
			};
			name = Debug;
		};
		64BC7D301BF3BDDE00D65109 /* Release */ = {
			isa = XCBuildConfiguration;
			buildSettings = {
				PRODUCT_NAME = "$(TARGET_NAME)";
			};
			name = Release;
		};
/* End XCBuildConfiguration section */

/* Begin XCConfigurationList section */
		64BC7D221BF3BDDE00D65109 /* Build configuration list for PBXProject "Cpp" */ = {
			isa = XCConfigurationList;
			buildConfigurations = (
				64BC7D2C1BF3BDDE00D65109 /* Debug */,
				64BC7D2D1BF3BDDE00D65109 /* Release */,
			);
			defaultConfigurationIsVisible = 0;
			defaultConfigurationName = Release;
		};
		64BC7D2E1BF3BDDE00D65109 /* Build configuration list for PBXNativeTarget "Cpp" */ = {
			isa = XCConfigurationList;
			buildConfigurations = (
				64BC7D2F1BF3BDDE00D65109 /* Debug */,
				64BC7D301BF3BDDE00D65109 /* Release */,
			);
			defaultConfigurationIsVisible = 0;
			defaultConfigurationName = Release;
		};
/* End XCConfigurationList section */
	};
	rootObject = 64BC7D1F1BF3BDDE00D65109 /* Project object */;
}
