// !$*UTF8*$!
{
	archiveVersion = 1;
	classes = {
	};
	objectVersion = 46;
	objects = {

/* Begin PBXBuildFile section */
		641403B61C08EA50003E3FFD /* main.cpp in Sources */ = {isa = PBXBuildFile; fileRef = 641403B51C08EA50003E3FFD /* main.cpp */; };
		641403C41C08EA73003E3FFD /* Pair.cpp in Sources */ = {isa = PBXBuildFile; fileRef = 641403C31C08EA73003E3FFD /* Pair.cpp */; };
/* End PBXBuildFile section */

/* Begin PBXCopyFilesBuildPhase section */
		641403B01C08EA50003E3FFD /* CopyFiles */ = {
			isa = PBXCopyFilesBuildPhase;
			buildActionMask = 2147483647;
			dstPath = /usr/share/man/man1/;
			dstSubfolderSpec = 0;
			files = (
			);
			runOnlyForDeploymentPostprocessing = 1;
		};
/* End PBXCopyFilesBuildPhase section */

/* Begin PBXFileReference section */
		641403B21C08EA50003E3FFD /* 011 - templates-specialization */ = {isa = PBXFileReference; explicitFileType = "compiled.mach-o.executable"; includeInIndex = 0; path = "011 - templates-specialization"; sourceTree = BUILT_PRODUCTS_DIR; };
		641403B51C08EA50003E3FFD /* main.cpp */ = {isa = PBXFileReference; lastKnownFileType = sourcecode.cpp.cpp; path = main.cpp; sourceTree = "<group>"; };
		641403C21C08EA73003E3FFD /* Pair.hpp */ = {isa = PBXFileReference; fileEncoding = 4; lastKnownFileType = sourcecode.cpp.h; path = Pair.hpp; sourceTree = "<group>"; };
		641403C31C08EA73003E3FFD /* Pair.cpp */ = {isa = PBXFileReference; fileEncoding = 4; lastKnownFileType = sourcecode.cpp.cpp; path = Pair.cpp; sourceTree = "<group>"; };
/* End PBXFileReference section */

/* Begin PBXFrameworksBuildPhase section */
		641403AF1C08EA50003E3FFD /* Frameworks */ = {
			isa = PBXFrameworksBuildPhase;
			buildActionMask = 2147483647;
			files = (
			);
			runOnlyForDeploymentPostprocessing = 0;
		};
/* End PBXFrameworksBuildPhase section */

/* Begin PBXGroup section */
		641403A91C08EA50003E3FFD = {
			isa = PBXGroup;
			children = (
				641403B41C08EA50003E3FFD /* 011-templates-specialization */,
				641403B31C08EA50003E3FFD /* Products */,
			);
			sourceTree = "<group>";
		};
		641403B31C08EA50003E3FFD /* Products */ = {
			isa = PBXGroup;
			children = (
				641403B21C08EA50003E3FFD /* 011 - templates-specialization */,
			);
			name = Products;
			sourceTree = "<group>";
		};
		641403B41C08EA50003E3FFD /* 011-templates-specialization */ = {
			isa = PBXGroup;
			children = (
				641403C21C08EA73003E3FFD /* Pair.hpp */,
				641403C31C08EA73003E3FFD /* Pair.cpp */,
				641403B51C08EA50003E3FFD /* main.cpp */,
			);
			path = "011-templates-specialization";
			sourceTree = "<group>";
		};
/* End PBXGroup section */

/* Begin PBXNativeTarget section */
		641403B11C08EA50003E3FFD /* 011 - templates-specialization */ = {
			isa = PBXNativeTarget;
			buildConfigurationList = 641403B91C08EA50003E3FFD /* Build configuration list for PBXNativeTarget "011 - templates-specialization" */;
			buildPhases = (
				641403AE1C08EA50003E3FFD /* Sources */,
				641403AF1C08EA50003E3FFD /* Frameworks */,
				641403B01C08EA50003E3FFD /* CopyFiles */,
			);
			buildRules = (
			);
			dependencies = (
			);
			name = "011 - templates-specialization";
			productName = "011-templates-specialization";
			productReference = 641403B21C08EA50003E3FFD /* 011 - templates-specialization */;
			productType = "com.apple.product-type.tool";
		};
/* End PBXNativeTarget section */

/* Begin PBXProject section */
		641403AA1C08EA50003E3FFD /* Project object */ = {
			isa = PBXProject;
			attributes = {
				LastUpgradeCheck = 0720;
				ORGANIZATIONNAME = "Victor Bolinches Marin";
				TargetAttributes = {
					641403B11C08EA50003E3FFD = {
						CreatedOnToolsVersion = 7.2;
					};
				};
			};
			buildConfigurationList = 641403AD1C08EA50003E3FFD /* Build configuration list for PBXProject "011 - templates-specialization" */;
			compatibilityVersion = "Xcode 3.2";
			developmentRegion = English;
			hasScannedForEncodings = 0;
			knownRegions = (
				en,
			);
			mainGroup = 641403A91C08EA50003E3FFD;
			productRefGroup = 641403B31C08EA50003E3FFD /* Products */;
			projectDirPath = "";
			projectRoot = "";
			targets = (
				641403B11C08EA50003E3FFD /* 011 - templates-specialization */,
			);
		};
/* End PBXProject section */

/* Begin PBXSourcesBuildPhase section */
		641403AE1C08EA50003E3FFD /* Sources */ = {
			isa = PBXSourcesBuildPhase;
			buildActionMask = 2147483647;
			files = (
				641403B61C08EA50003E3FFD /* main.cpp in Sources */,
				641403C41C08EA73003E3FFD /* Pair.cpp in Sources */,
			);
			runOnlyForDeploymentPostprocessing = 0;
		};
/* End PBXSourcesBuildPhase section */

/* Begin XCBuildConfiguration section */
		641403B71C08EA50003E3FFD /* Debug */ = {
			isa = XCBuildConfiguration;
			buildSettings = {
				ALWAYS_SEARCH_USER_PATHS = NO;
				CLANG_CXX_LANGUAGE_STANDARD = "gnu++0x";
				CLANG_CXX_LIBRARY = "libc++";
				CLANG_ENABLE_MODULES = YES;
				CLANG_ENABLE_OBJC_ARC = YES;
				CLANG_WARN_BOOL_CONVERSION = YES;
				CLANG_WARN_CONSTANT_CONVERSION = YES;
				CLANG_WARN_DIRECT_OBJC_ISA_USAGE = YES_ERROR;
				CLANG_WARN_EMPTY_BODY = YES;
				CLANG_WARN_ENUM_CONVERSION = YES;
				CLANG_WARN_INT_CONVERSION = YES;
				CLANG_WARN_OBJC_ROOT_CLASS = YES_ERROR;
				CLANG_WARN_UNREACHABLE_CODE = YES;
				CLANG_WARN__DUPLICATE_METHOD_MATCH = YES;
				CODE_SIGN_IDENTITY = "-";
				COPY_PHASE_STRIP = NO;
				DEBUG_INFORMATION_FORMAT = dwarf;
				ENABLE_STRICT_OBJC_MSGSEND = YES;
				ENABLE_TESTABILITY = YES;
				GCC_C_LANGUAGE_STANDARD = gnu99;
				GCC_DYNAMIC_NO_PIC = NO;
				GCC_NO_COMMON_BLOCKS = YES;
				GCC_OPTIMIZATION_LEVEL = 0;
				GCC_PREPROCESSOR_DEFINITIONS = (
					"DEBUG=1",
					"$(inherited)",
				);
				GCC_WARN_64_TO_32_BIT_CONVERSION = YES;
				GCC_WARN_ABOUT_RETURN_TYPE = YES_ERROR;
				GCC_WARN_UNDECLARED_SELECTOR = YES;
				GCC_WARN_UNINITIALIZED_AUTOS = YES_AGGRESSIVE;
				GCC_WARN_UNUSED_FUNCTION = YES;
				GCC_WARN_UNUSED_VARIABLE = YES;
				MACOSX_DEPLOYMENT_TARGET = 10.11;
				MTL_ENABLE_DEBUG_INFO = YES;
				ONLY_ACTIVE_ARCH = YES;
				SDKROOT = macosx;
			};
			name = Debug;
		};
		641403B81C08EA50003E3FFD /* Release */ = {
			isa = XCBuildConfiguration;
			buildSettings = {
				ALWAYS_SEARCH_USER_PATHS = NO;
				CLANG_CXX_LANGUAGE_STANDARD = "gnu++0x";
				CLANG_CXX_LIBRARY = "libc++";
				CLANG_ENABLE_MODULES = YES;
				CLANG_ENABLE_OBJC_ARC = YES;
				CLANG_WARN_BOOL_CONVERSION = YES;
				CLANG_WARN_CONSTANT_CONVERSION = YES;
				CLANG_WARN_DIRECT_OBJC_ISA_USAGE = YES_ERROR;
				CLANG_WARN_EMPTY_BODY = YES;
				CLANG_WARN_ENUM_CONVERSION = YES;
				CLANG_WARN_INT_CONVERSION = YES;
				CLANG_WARN_OBJC_ROOT_CLASS = YES_ERROR;
				CLANG_WARN_UNREACHABLE_CODE = YES;
				CLANG_WARN__DUPLICATE_METHOD_MATCH = YES;
				CODE_SIGN_IDENTITY = "-";
				COPY_PHASE_STRIP = NO;
				DEBUG_INFORMATION_FORMAT = "dwarf-with-dsym";
				ENABLE_NS_ASSERTIONS = NO;
				ENABLE_STRICT_OBJC_MSGSEND = YES;
				GCC_C_LANGUAGE_STANDARD = gnu99;
				GCC_NO_COMMON_BLOCKS = YES;
				GCC_WARN_64_TO_32_BIT_CONVERSION = YES;
				GCC_WARN_ABOUT_RETURN_TYPE = YES_ERROR;
				GCC_WARN_UNDECLARED_SELECTOR = YES;
				GCC_WARN_UNINITIALIZED_AUTOS = YES_AGGRESSIVE;
				GCC_WARN_UNUSED_FUNCTION = YES;
				GCC_WARN_UNUSED_VARIABLE = YES;
				MACOSX_DEPLOYMENT_TARGET = 10.11;
				MTL_ENABLE_DEBUG_INFO = NO;
				SDKROOT = macosx;
			};
			name = Release;
		};
		641403BA1C08EA50003E3FFD /* Debug */ = {
			isa = XCBuildConfiguration;
			buildSettings = {
				PRODUCT_NAME = "011 - templates-specialization";
			};
			name = Debug;
		};
		641403BB1C08EA50003E3FFD /* Release */ = {
			isa = XCBuildConfiguration;
			buildSettings = {
				PRODUCT_NAME = "011 - templates-specialization";
			};
			name = Release;
		};
/* End XCBuildConfiguration section */

/* Begin XCConfigurationList section */
		641403AD1C08EA50003E3FFD /* Build configuration list for PBXProject "011 - templates-specialization" */ = {
			isa = XCConfigurationList;
			buildConfigurations = (
				641403B71C08EA50003E3FFD /* Debug */,
				641403B81C08EA50003E3FFD /* Release */,
			);
			defaultConfigurationIsVisible = 0;
			defaultConfigurationName = Release;
		};
		641403B91C08EA50003E3FFD /* Build configuration list for PBXNativeTarget "011 - templates-specialization" */ = {
			isa = XCConfigurationList;
			buildConfigurations = (
				641403BA1C08EA50003E3FFD /* Debug */,
				641403BB1C08EA50003E3FFD /* Release */,
			);
			defaultConfigurationIsVisible = 0;
			defaultConfigurationName = Release;
		};
/* End XCConfigurationList section */
	};
	rootObject = 641403AA1C08EA50003E3FFD /* Project object */;
}
