// !$*UTF8*$!
{
	archiveVersion = 1;
	classes = {
	};
	objectVersion = 46;
	objects = {

/* Begin PBXBuildFile section */
		6469D4D11C04C6F400E8D58A /* main.cpp in Sources */ = {isa = PBXBuildFile; fileRef = 6469D4D01C04C6F400E8D58A /* main.cpp */; };
/* End PBXBuildFile section */

/* Begin PBXCopyFilesBuildPhase section */
		6469D4CB1C04C6F400E8D58A /* CopyFiles */ = {
			isa = PBXCopyFilesBuildPhase;
			buildActionMask = 2147483647;
			dstPath = /usr/share/man/man1/;
			dstSubfolderSpec = 0;
			files = (
			);
			runOnlyForDeploymentPostprocessing = 1;
		};
/* End PBXCopyFilesBuildPhase section */

/* Begin PBXFileReference section */
		6469D4CD1C04C6F400E8D58A /* 20 - Inline Functions */ = {isa = PBXFileReference; explicitFileType = "compiled.mach-o.executable"; includeInIndex = 0; path = "20 - Inline Functions"; sourceTree = BUILT_PRODUCTS_DIR; };
		6469D4D01C04C6F400E8D58A /* main.cpp */ = {isa = PBXFileReference; lastKnownFileType = sourcecode.cpp.cpp; path = main.cpp; sourceTree = "<group>"; };
/* End PBXFileReference section */

/* Begin PBXFrameworksBuildPhase section */
		6469D4CA1C04C6F400E8D58A /* Frameworks */ = {
			isa = PBXFrameworksBuildPhase;
			buildActionMask = 2147483647;
			files = (
			);
			runOnlyForDeploymentPostprocessing = 0;
		};
/* End PBXFrameworksBuildPhase section */

/* Begin PBXGroup section */
		6469D4C41C04C6F400E8D58A = {
			isa = PBXGroup;
			children = (
				6469D4CF1C04C6F400E8D58A /* 20 - Inline Functions */,
				6469D4CE1C04C6F400E8D58A /* Products */,
			);
			sourceTree = "<group>";
		};
		6469D4CE1C04C6F400E8D58A /* Products */ = {
			isa = PBXGroup;
			children = (
				6469D4CD1C04C6F400E8D58A /* 20 - Inline Functions */,
			);
			name = Products;
			sourceTree = "<group>";
		};
		6469D4CF1C04C6F400E8D58A /* 20 - Inline Functions */ = {
			isa = PBXGroup;
			children = (
				6469D4D01C04C6F400E8D58A /* main.cpp */,
			);
			path = "20 - Inline Functions";
			sourceTree = "<group>";
		};
/* End PBXGroup section */

/* Begin PBXNativeTarget section */
		6469D4CC1C04C6F400E8D58A /* 20 - Inline Functions */ = {
			isa = PBXNativeTarget;
			buildConfigurationList = 6469D4D41C04C6F400E8D58A /* Build configuration list for PBXNativeTarget "20 - Inline Functions" */;
			buildPhases = (
				6469D4C91C04C6F400E8D58A /* Sources */,
				6469D4CA1C04C6F400E8D58A /* Frameworks */,
				6469D4CB1C04C6F400E8D58A /* CopyFiles */,
			);
			buildRules = (
			);
			dependencies = (
			);
			name = "20 - Inline Functions";
			productName = "20 - Inline Functions";
			productReference = 6469D4CD1C04C6F400E8D58A /* 20 - Inline Functions */;
			productType = "com.apple.product-type.tool";
		};
/* End PBXNativeTarget section */

/* Begin PBXProject section */
		6469D4C51C04C6F400E8D58A /* Project object */ = {
			isa = PBXProject;
			attributes = {
				LastUpgradeCheck = 0720;
				ORGANIZATIONNAME = "Victor Bolinches Marin";
				TargetAttributes = {
					6469D4CC1C04C6F400E8D58A = {
						CreatedOnToolsVersion = 7.2;
					};
				};
			};
			buildConfigurationList = 6469D4C81C04C6F400E8D58A /* Build configuration list for PBXProject "20 - Inline Functions" */;
			compatibilityVersion = "Xcode 3.2";
			developmentRegion = English;
			hasScannedForEncodings = 0;
			knownRegions = (
				en,
			);
			mainGroup = 6469D4C41C04C6F400E8D58A;
			productRefGroup = 6469D4CE1C04C6F400E8D58A /* Products */;
			projectDirPath = "";
			projectRoot = "";
			targets = (
				6469D4CC1C04C6F400E8D58A /* 20 - Inline Functions */,
			);
		};
/* End PBXProject section */

/* Begin PBXSourcesBuildPhase section */
		6469D4C91C04C6F400E8D58A /* Sources */ = {
			isa = PBXSourcesBuildPhase;
			buildActionMask = 2147483647;
			files = (
				6469D4D11C04C6F400E8D58A /* main.cpp in Sources */,
			);
			runOnlyForDeploymentPostprocessing = 0;
		};
/* End PBXSourcesBuildPhase section */

/* Begin XCBuildConfiguration section */
		6469D4D21C04C6F400E8D58A /* Debug */ = {
			isa = XCBuildConfiguration;
			buildSettings = {
				ALWAYS_SEARCH_USER_PATHS = NO;
				CLANG_CXX_LANGUAGE_STANDARD = "gnu++0x";
				CLANG_CXX_LIBRARY = "libc++";
				CLANG_ENABLE_MODULES = YES;
				CLANG_ENABLE_OBJC_ARC = YES;
				CLANG_WARN_BOOL_CONVERSION = YES;
				CLANG_WARN_CONSTANT_CONVERSION = YES;
				CLANG_WARN_DIRECT_OBJC_ISA_USAGE = YES_ERROR;
				CLANG_WARN_EMPTY_BODY = YES;
				CLANG_WARN_ENUM_CONVERSION = YES;
				CLANG_WARN_INT_CONVERSION = YES;
				CLANG_WARN_OBJC_ROOT_CLASS = YES_ERROR;
				CLANG_WARN_UNREACHABLE_CODE = YES;
				CLANG_WARN__DUPLICATE_METHOD_MATCH = YES;
				CODE_SIGN_IDENTITY = "-";
				COPY_PHASE_STRIP = NO;
				DEBUG_INFORMATION_FORMAT = dwarf;
				ENABLE_STRICT_OBJC_MSGSEND = YES;
				ENABLE_TESTABILITY = YES;
				GCC_C_LANGUAGE_STANDARD = gnu99;
				GCC_DYNAMIC_NO_PIC = NO;
				GCC_NO_COMMON_BLOCKS = YES;
				GCC_OPTIMIZATION_LEVEL = 0;
				GCC_PREPROCESSOR_DEFINITIONS = (
					"DEBUG=1",
					"$(inherited)",
				);
				GCC_WARN_64_TO_32_BIT_CONVERSION = YES;
				GCC_WARN_ABOUT_RETURN_TYPE = YES_ERROR;
				GCC_WARN_UNDECLARED_SELECTOR = YES;
				GCC_WARN_UNINITIALIZED_AUTOS = YES_AGGRESSIVE;
				GCC_WARN_UNUSED_FUNCTION = YES;
				GCC_WARN_UNUSED_VARIABLE = YES;
				MACOSX_DEPLOYMENT_TARGET = 10.11;
				MTL_ENABLE_DEBUG_INFO = YES;
				ONLY_ACTIVE_ARCH = YES;
				SDKROOT = macosx;
			};
			name = Debug;
		};
		6469D4D31C04C6F400E8D58A /* Release */ = {
			isa = XCBuildConfiguration;
			buildSettings = {
				ALWAYS_SEARCH_USER_PATHS = NO;
				CLANG_CXX_LANGUAGE_STANDARD = "gnu++0x";
				CLANG_CXX_LIBRARY = "libc++";
				CLANG_ENABLE_MODULES = YES;
				CLANG_ENABLE_OBJC_ARC = YES;
				CLANG_WARN_BOOL_CONVERSION = YES;
				CLANG_WARN_CONSTANT_CONVERSION = YES;
				CLANG_WARN_DIRECT_OBJC_ISA_USAGE = YES_ERROR;
				CLANG_WARN_EMPTY_BODY = YES;
				CLANG_WARN_ENUM_CONVERSION = YES;
				CLANG_WARN_INT_CONVERSION = YES;
				CLANG_WARN_OBJC_ROOT_CLASS = YES_ERROR;
				CLANG_WARN_UNREACHABLE_CODE = YES;
				CLANG_WARN__DUPLICATE_METHOD_MATCH = YES;
				CODE_SIGN_IDENTITY = "-";
				COPY_PHASE_STRIP = NO;
				DEBUG_INFORMATION_FORMAT = "dwarf-with-dsym";
				ENABLE_NS_ASSERTIONS = NO;
				ENABLE_STRICT_OBJC_MSGSEND = YES;
				GCC_C_LANGUAGE_STANDARD = gnu99;
				GCC_NO_COMMON_BLOCKS = YES;
				GCC_WARN_64_TO_32_BIT_CONVERSION = YES;
				GCC_WARN_ABOUT_RETURN_TYPE = YES_ERROR;
				GCC_WARN_UNDECLARED_SELECTOR = YES;
				GCC_WARN_UNINITIALIZED_AUTOS = YES_AGGRESSIVE;
				GCC_WARN_UNUSED_FUNCTION = YES;
				GCC_WARN_UNUSED_VARIABLE = YES;
				MACOSX_DEPLOYMENT_TARGET = 10.11;
				MTL_ENABLE_DEBUG_INFO = NO;
				SDKROOT = macosx;
			};
			name = Release;
		};
		6469D4D51C04C6F400E8D58A /* Debug */ = {
			isa = XCBuildConfiguration;
			buildSettings = {
				PRODUCT_NAME = "$(TARGET_NAME)";
			};
			name = Debug;
		};
		6469D4D61C04C6F400E8D58A /* Release */ = {
			isa = XCBuildConfiguration;
			buildSettings = {
				PRODUCT_NAME = "$(TARGET_NAME)";
			};
			name = Release;
		};
/* End XCBuildConfiguration section */

/* Begin XCConfigurationList section */
		6469D4C81C04C6F400E8D58A /* Build configuration list for PBXProject "20 - Inline Functions" */ = {
			isa = XCConfigurationList;
			buildConfigurations = (
				6469D4D21C04C6F400E8D58A /* Debug */,
				6469D4D31C04C6F400E8D58A /* Release */,
			);
			defaultConfigurationIsVisible = 0;
			defaultConfigurationName = Release;
		};
		6469D4D41C04C6F400E8D58A /* Build configuration list for PBXNativeTarget "20 - Inline Functions" */ = {
			isa = XCConfigurationList;
			buildConfigurations = (
				6469D4D51C04C6F400E8D58A /* Debug */,
				6469D4D61C04C6F400E8D58A /* Release */,
			);
			defaultConfigurationIsVisible = 0;
		};
/* End XCConfigurationList section */
	};
	rootObject = 6469D4C51C04C6F400E8D58A /* Project object */;
}
