// !$*UTF8*$!
{
	archiveVersion = 1;
	classes = {
	};
	objectVersion = 46;
	objects = {

/* Begin PBXBuildFile section */
		64BCD53E1C03DD5B0087623E /* main.cpp in Sources */ = {isa = PBXBuildFile; fileRef = 64BCD53D1C03DD5B0087623E /* main.cpp */; };
/* End PBXBuildFile section */

/* Begin PBXCopyFilesBuildPhase section */
		64BCD52B1C03DD530087623E /* CopyFiles */ = {
			isa = PBXCopyFilesBuildPhase;
			buildActionMask = 2147483647;
			dstPath = /usr/share/man/man1/;
			dstSubfolderSpec = 0;
			files = (
			);
			runOnlyForDeploymentPostprocessing = 1;
		};
/* End PBXCopyFilesBuildPhase section */

/* Begin PBXFileReference section */
		64BCD52D1C03DD530087623E /* 006 - Polymorphism-Virtual-Methods */ = {isa = PBXFileReference; explicitFileType = "compiled.mach-o.executable"; includeInIndex = 0; path = "006 - Polymorphism-Virtual-Methods"; sourceTree = BUILT_PRODUCTS_DIR; };
		64BCD53D1C03DD5B0087623E /* main.cpp */ = {isa = PBXFileReference; fileEncoding = 4; lastKnownFileType = sourcecode.cpp.cpp; name = main.cpp; path = "../../005 - Polymorphism/005 - Polymorphism/main.cpp"; sourceTree = "<group>"; };
/* End PBXFileReference section */

/* Begin PBXFrameworksBuildPhase section */
		64BCD52A1C03DD530087623E /* Frameworks */ = {
			isa = PBXFrameworksBuildPhase;
			buildActionMask = 2147483647;
			files = (
			);
			runOnlyForDeploymentPostprocessing = 0;
		};
/* End PBXFrameworksBuildPhase section */

/* Begin PBXGroup section */
		64BCD5241C03DD530087623E = {
			isa = PBXGroup;
			children = (
				64BCD52F1C03DD530087623E /* 006 - Polymorphism-Virtual-Methods */,
				64BCD52E1C03DD530087623E /* Products */,
			);
			sourceTree = "<group>";
		};
		64BCD52E1C03DD530087623E /* Products */ = {
			isa = PBXGroup;
			children = (
				64BCD52D1C03DD530087623E /* 006 - Polymorphism-Virtual-Methods */,
			);
			name = Products;
			sourceTree = "<group>";
		};
		64BCD52F1C03DD530087623E /* 006 - Polymorphism-Virtual-Methods */ = {
			isa = PBXGroup;
			children = (
				64BCD53D1C03DD5B0087623E /* main.cpp */,
			);
			path = "006 - Polymorphism-Virtual-Methods";
			sourceTree = "<group>";
		};
/* End PBXGroup section */

/* Begin PBXNativeTarget section */
		64BCD52C1C03DD530087623E /* 006 - Polymorphism-Virtual-Methods */ = {
			isa = PBXNativeTarget;
			buildConfigurationList = 64BCD5341C03DD530087623E /* Build configuration list for PBXNativeTarget "006 - Polymorphism-Virtual-Methods" */;
			buildPhases = (
				64BCD5291C03DD530087623E /* Sources */,
				64BCD52A1C03DD530087623E /* Frameworks */,
				64BCD52B1C03DD530087623E /* CopyFiles */,
			);
			buildRules = (
			);
			dependencies = (
			);
			name = "006 - Polymorphism-Virtual-Methods";
			productName = "006 - Polymorphism-Virtual-Methods";
			productReference = 64BCD52D1C03DD530087623E /* 006 - Polymorphism-Virtual-Methods */;
			productType = "com.apple.product-type.tool";
		};
/* End PBXNativeTarget section */

/* Begin PBXProject section */
		64BCD5251C03DD530087623E /* Project object */ = {
			isa = PBXProject;
			attributes = {
				LastUpgradeCheck = 0720;
				ORGANIZATIONNAME = "Victor Bolinches Marin";
				TargetAttributes = {
					64BCD52C1C03DD530087623E = {
						CreatedOnToolsVersion = 7.2;
					};
				};
			};
			buildConfigurationList = 64BCD5281C03DD530087623E /* Build configuration list for PBXProject "006 - Polymorphism-Virtual-Methods" */;
			compatibilityVersion = "Xcode 3.2";
			developmentRegion = English;
			hasScannedForEncodings = 0;
			knownRegions = (
				en,
			);
			mainGroup = 64BCD5241C03DD530087623E;
			productRefGroup = 64BCD52E1C03DD530087623E /* Products */;
			projectDirPath = "";
			projectRoot = "";
			targets = (
				64BCD52C1C03DD530087623E /* 006 - Polymorphism-Virtual-Methods */,
			);
		};
/* End PBXProject section */

/* Begin PBXSourcesBuildPhase section */
		64BCD5291C03DD530087623E /* Sources */ = {
			isa = PBXSourcesBuildPhase;
			buildActionMask = 2147483647;
			files = (
				64BCD53E1C03DD5B0087623E /* main.cpp in Sources */,
			);
			runOnlyForDeploymentPostprocessing = 0;
		};
/* End PBXSourcesBuildPhase section */

/* Begin XCBuildConfiguration section */
		64BCD5321C03DD530087623E /* Debug */ = {
			isa = XCBuildConfiguration;
			buildSettings = {
				ALWAYS_SEARCH_USER_PATHS = NO;
				CLANG_CXX_LANGUAGE_STANDARD = "gnu++0x";
				CLANG_CXX_LIBRARY = "libc++";
				CLANG_ENABLE_MODULES = YES;
				CLANG_ENABLE_OBJC_ARC = YES;
				CLANG_WARN_BOOL_CONVERSION = YES;
				CLANG_WARN_CONSTANT_CONVERSION = YES;
				CLANG_WARN_DIRECT_OBJC_ISA_USAGE = YES_ERROR;
				CLANG_WARN_EMPTY_BODY = YES;
				CLANG_WARN_ENUM_CONVERSION = YES;
				CLANG_WARN_INT_CONVERSION = YES;
				CLANG_WARN_OBJC_ROOT_CLASS = YES_ERROR;
				CLANG_WARN_UNREACHABLE_CODE = YES;
				CLANG_WARN__DUPLICATE_METHOD_MATCH = YES;
				CODE_SIGN_IDENTITY = "-";
				COPY_PHASE_STRIP = NO;
				DEBUG_INFORMATION_FORMAT = dwarf;
				ENABLE_STRICT_OBJC_MSGSEND = YES;
				ENABLE_TESTABILITY = YES;
				GCC_C_LANGUAGE_STANDARD = gnu99;
				GCC_DYNAMIC_NO_PIC = NO;
				GCC_NO_COMMON_BLOCKS = YES;
				GCC_OPTIMIZATION_LEVEL = 0;
				GCC_PREPROCESSOR_DEFINITIONS = (
					"DEBUG=1",
					"$(inherited)",
				);
				GCC_WARN_64_TO_32_BIT_CONVERSION = YES;
				GCC_WARN_ABOUT_RETURN_TYPE = YES_ERROR;
				GCC_WARN_UNDECLARED_SELECTOR = YES;
				GCC_WARN_UNINITIALIZED_AUTOS = YES_AGGRESSIVE;
				GCC_WARN_UNUSED_FUNCTION = YES;
				GCC_WARN_UNUSED_VARIABLE = YES;
				MACOSX_DEPLOYMENT_TARGET = 10.11;
				MTL_ENABLE_DEBUG_INFO = YES;
				ONLY_ACTIVE_ARCH = YES;
				SDKROOT = macosx;
			};
			name = Debug;
		};
		64BCD5331C03DD530087623E /* Release */ = {
			isa = XCBuildConfiguration;
			buildSettings = {
				ALWAYS_SEARCH_USER_PATHS = NO;
				CLANG_CXX_LANGUAGE_STANDARD = "gnu++0x";
				CLANG_CXX_LIBRARY = "libc++";
				CLANG_ENABLE_MODULES = YES;
				CLANG_ENABLE_OBJC_ARC = YES;
				CLANG_WARN_BOOL_CONVERSION = YES;
				CLANG_WARN_CONSTANT_CONVERSION = YES;
				CLANG_WARN_DIRECT_OBJC_ISA_USAGE = YES_ERROR;
				CLANG_WARN_EMPTY_BODY = YES;
				CLANG_WARN_ENUM_CONVERSION = YES;
				CLANG_WARN_INT_CONVERSION = YES;
				CLANG_WARN_OBJC_ROOT_CLASS = YES_ERROR;
				CLANG_WARN_UNREACHABLE_CODE = YES;
				CLANG_WARN__DUPLICATE_METHOD_MATCH = YES;
				CODE_SIGN_IDENTITY = "-";
				COPY_PHASE_STRIP = NO;
				DEBUG_INFORMATION_FORMAT = "dwarf-with-dsym";
				ENABLE_NS_ASSERTIONS = NO;
				ENABLE_STRICT_OBJC_MSGSEND = YES;
				GCC_C_LANGUAGE_STANDARD = gnu99;
				GCC_NO_COMMON_BLOCKS = YES;
				GCC_WARN_64_TO_32_BIT_CONVERSION = YES;
				GCC_WARN_ABOUT_RETURN_TYPE = YES_ERROR;
				GCC_WARN_UNDECLARED_SELECTOR = YES;
				GCC_WARN_UNINITIALIZED_AUTOS = YES_AGGRESSIVE;
				GCC_WARN_UNUSED_FUNCTION = YES;
				GCC_WARN_UNUSED_VARIABLE = YES;
				MACOSX_DEPLOYMENT_TARGET = 10.11;
				MTL_ENABLE_DEBUG_INFO = NO;
				SDKROOT = macosx;
			};
			name = Release;
		};
		64BCD5351C03DD530087623E /* Debug */ = {
			isa = XCBuildConfiguration;
			buildSettings = {
				PRODUCT_NAME = "$(TARGET_NAME)";
			};
			name = Debug;
		};
		64BCD5361C03DD530087623E /* Release */ = {
			isa = XCBuildConfiguration;
			buildSettings = {
				PRODUCT_NAME = "$(TARGET_NAME)";
			};
			name = Release;
		};
/* End XCBuildConfiguration section */

/* Begin XCConfigurationList section */
		64BCD5281C03DD530087623E /* Build configuration list for PBXProject "006 - Polymorphism-Virtual-Methods" */ = {
			isa = XCConfigurationList;
			buildConfigurations = (
				64BCD5321C03DD530087623E /* Debug */,
				64BCD5331C03DD530087623E /* Release */,
			);
			defaultConfigurationIsVisible = 0;
			defaultConfigurationName = Release;
		};
		64BCD5341C03DD530087623E /* Build configuration list for PBXNativeTarget "006 - Polymorphism-Virtual-Methods" */ = {
			isa = XCConfigurationList;
			buildConfigurations = (
				64BCD5351C03DD530087623E /* Debug */,
				64BCD5361C03DD530087623E /* Release */,
			);
			defaultConfigurationIsVisible = 0;
		};
/* End XCConfigurationList section */
	};
	rootObject = 64BCD5251C03DD530087623E /* Project object */;
}
